
Microsoft Visual Studio Solution File, Format Version 12.00
# Visual Studio Version 17
VisualStudioVersion = 17.7.34221.43
MinimumVisualStudioVersion = 10.0.40219.1
Project("{FAE04EC0-301F-11D3-BF4B-00C04F79EFBC}") = "DolgozatProject", "DolgozatProject\DolgozatProject.csproj", "{A89F0732-F4A9-4B4E-A484-6F9E5133CD97}"
EndProject
Project("{FAE04EC0-301F-11D3-BF4B-00C04F79EFBC}") = "TestDolgozatProject", "TestDolgozatProject\TestDolgozatProject.csproj", "{234BC369-92E9-4526-AD5C-2895BAE5E003}"
EndProject
Global
	GlobalSection(SolutionConfigurationPlatforms) = preSolution
		Debug|Any CPU = Debug|Any CPU
		Release|Any CPU = Release|Any CPU
	EndGlobalSection
	GlobalSection(ProjectConfigurationPlatforms) = postSolution
		{A89F0732-F4A9-4B4E-A484-6F9E5133CD97}.Debug|Any CPU.ActiveCfg = Debug|Any CPU
		{A89F0732-F4A9-4B4E-A484-6F9E5133CD97}.Debug|Any CPU.Build.0 = Debug|Any CPU
		{A89F0732-F4A9-4B4E-A484-6F9E5133CD97}.Release|Any CPU.ActiveCfg = Release|Any CPU
		{A89F0732-F4A9-4B4E-A484-6F9E5133CD97}.Release|Any CPU.Build.0 = Release|Any CPU
		{234BC369-92E9-4526-AD5C-2895BAE5E003}.Debug|Any CPU.ActiveCfg = Debug|Any CPU
		{234BC369-92E9-4526-AD5C-2895BAE5E003}.Debug|Any CPU.Build.0 = Debug|Any CPU
		{234BC369-92E9-4526-AD5C-2895BAE5E003}.Release|Any CPU.ActiveCfg = Release|Any CPU
		{234BC369-92E9-4526-AD5C-2895BAE5E003}.Release|Any CPU.Build.0 = Release|Any CPU
	EndGlobalSection
	GlobalSection(SolutionProperties) = preSolution
		HideSolutionNode = FALSE
	EndGlobalSection
	GlobalSection(ExtensibilityGlobals) = postSolution
		SolutionGuid = {235EEDC6-82BA-46A0-B9EA-42AD431AE286}
	EndGlobalSection
EndGlobal
